{
  "name": "s7y",
  "version": "1.0.0",
  "lockfileVersion": 1,
  "requires": true,
  "dependencies": {
    "bootstrap-v4-rtl": {
      "version": "4.3.1-6",
      "resolved": "https://registry.npmjs.org/bootstrap-v4-rtl/-/bootstrap-v4-rtl-4.3.1-6.tgz",
      "integrity": "sha512-YmIdbjdzSOF0WfduV+FkbIGUi660jLMzG2yKtYrjr17jHTdgSaZELlUbeTiZBUQ/EP2vkYA+1jEc6bwv24UKZA=="
    },
    "jquery": {
      "version": "3.4.1",
      "resolved": "https://registry.npmjs.org/jquery/-/jquery-3.4.1.tgz",
      "integrity": "sha512-36+AdBzCL+y6qjw5Tx7HgzeGCzC81MDDgaUP8ld2zhx58HdqXGoBd+tHdrBMiyjGQs0Hxs/MLZTu/eHNJJuWPw=="
    },
    "propper": {
      "version": "1.0.3",
      "resolved": "https://registry.npmjs.org/propper/-/propper-1.0.3.tgz",
      "integrity": "sha512-JiphDbn2afwuT1JH/MrTmyXHgi+yT5j/ByxfPRKHBzmAxFLo8ZjowVKvCju1ndGQwrjEu/W0nIlqzxCyTps2/A=="
    }
  }
}
